// !$*UTF8*$!
{
	archiveVersion = 1;
	classes = {
	};
	objectVersion = 46;
	objects = {

/* Begin PBXBuildFile section */
		09626D2B1CEAAB8A00793398 /* AppDelegate.swift in Sources */ = {isa = PBXBuildFile; fileRef = 09626D2A1CEAAB8A00793398 /* AppDelegate.swift */; };
		09626D2D1CEAAB8A00793398 /* ViewController.swift in Sources */ = {isa = PBXBuildFile; fileRef = 09626D2C1CEAAB8A00793398 /* ViewController.swift */; };
		09626D301CEAAB8A00793398 /* Main.storyboard in Resources */ = {isa = PBXBuildFile; fileRef = 09626D2E1CEAAB8A00793398 /* Main.storyboard */; };
		09626D321CEAAB8A00793398 /* Assets.xcassets in Resources */ = {isa = PBXBuildFile; fileRef = 09626D311CEAAB8A00793398 /* Assets.xcassets */; };
		09626D351CEAAB8A00793398 /* LaunchScreen.storyboard in Resources */ = {isa = PBXBuildFile; fileRef = 09626D331CEAAB8A00793398 /* LaunchScreen.storyboard */; };
		09626D401CEAAB8A00793398 /* BlogFamilyTests.swift in Sources */ = {isa = PBXBuildFile; fileRef = 09626D3F1CEAAB8A00793398 /* BlogFamilyTests.swift */; };
		09626D4B1CEAAB8A00793398 /* BlogFamilyUITests.swift in Sources */ = {isa = PBXBuildFile; fileRef = 09626D4A1CEAAB8A00793398 /* BlogFamilyUITests.swift */; };
/* End PBXBuildFile section */

/* Begin PBXContainerItemProxy section */
		09626D3C1CEAAB8A00793398 /* PBXContainerItemProxy */ = {
			isa = PBXContainerItemProxy;
			containerPortal = 09626D1F1CEAAB8A00793398 /* Project object */;
			proxyType = 1;
			remoteGlobalIDString = 09626D261CEAAB8A00793398;
			remoteInfo = BlogFamily;
		};
		09626D471CEAAB8A00793398 /* PBXContainerItemProxy */ = {
			isa = PBXContainerItemProxy;
			containerPortal = 09626D1F1CEAAB8A00793398 /* Project object */;
			proxyType = 1;
			remoteGlobalIDString = 09626D261CEAAB8A00793398;
			remoteInfo = BlogFamily;
		};
/* End PBXContainerItemProxy section */

/* Begin PBXFileReference section */
		09626D271CEAAB8A00793398 /* BlogFamily.app */ = {isa = PBXFileReference; explicitFileType = wrapper.application; includeInIndex = 0; path = BlogFamily.app; sourceTree = BUILT_PRODUCTS_DIR; };
		09626D2A1CEAAB8A00793398 /* AppDelegate.swift */ = {isa = PBXFileReference; lastKnownFileType = sourcecode.swift; path = AppDelegate.swift; sourceTree = "<group>"; };
		09626D2C1CEAAB8A00793398 /* ViewController.swift */ = {isa = PBXFileReference; lastKnownFileType = sourcecode.swift; path = ViewController.swift; sourceTree = "<group>"; };
		09626D2F1CEAAB8A00793398 /* Base */ = {isa = PBXFileReference; lastKnownFileType = file.storyboard; name = Base; path = Base.lproj/Main.storyboard; sourceTree = "<group>"; };
		09626D311CEAAB8A00793398 /* Assets.xcassets */ = {isa = PBXFileReference; lastKnownFileType = folder.assetcatalog; path = Assets.xcassets; sourceTree = "<group>"; };
		09626D341CEAAB8A00793398 /* Base */ = {isa = PBXFileReference; lastKnownFileType = file.storyboard; name = Base; path = Base.lproj/LaunchScreen.storyboard; sourceTree = "<group>"; };
		09626D361CEAAB8A00793398 /* Info.plist */ = {isa = PBXFileReference; lastKnownFileType = text.plist.xml; path = Info.plist; sourceTree = "<group>"; };
		09626D3B1CEAAB8A00793398 /* BlogFamilyTests.xctest */ = {isa = PBXFileReference; explicitFileType = wrapper.cfbundle; includeInIndex = 0; path = BlogFamilyTests.xctest; sourceTree = BUILT_PRODUCTS_DIR; };
		09626D3F1CEAAB8A00793398 /* BlogFamilyTests.swift */ = {isa = PBXFileReference; lastKnownFileType = sourcecode.swift; path = BlogFamilyTests.swift; sourceTree = "<group>"; };
		09626D411CEAAB8A00793398 /* Info.plist */ = {isa = PBXFileReference; lastKnownFileType = text.plist.xml; path = Info.plist; sourceTree = "<group>"; };
		09626D461CEAAB8A00793398 /* BlogFamilyUITests.xctest */ = {isa = PBXFileReference; explicitFileType = wrapper.cfbundle; includeInIndex = 0; path = BlogFamilyUITests.xctest; sourceTree = BUILT_PRODUCTS_DIR; };
		09626D4A1CEAAB8A00793398 /* BlogFamilyUITests.swift */ = {isa = PBXFileReference; lastKnownFileType = sourcecode.swift; path = BlogFamilyUITests.swift; sourceTree = "<group>"; };
		09626D4C1CEAAB8A00793398 /* Info.plist */ = {isa = PBXFileReference; lastKnownFileType = text.plist.xml; path = Info.plist; sourceTree = "<group>"; };
/* End PBXFileReference section */

/* Begin PBXFrameworksBuildPhase section */
		09626D241CEAAB8A00793398 /* Frameworks */ = {
			isa = PBXFrameworksBuildPhase;
			buildActionMask = 2147483647;
			files = (
			);
			runOnlyForDeploymentPostprocessing = 0;
		};
		09626D381CEAAB8A00793398 /* Frameworks */ = {
			isa = PBXFrameworksBuildPhase;
			buildActionMask = 2147483647;
			files = (
			);
			runOnlyForDeploymentPostprocessing = 0;
		};
		09626D431CEAAB8A00793398 /* Frameworks */ = {
			isa = PBXFrameworksBuildPhase;
			buildActionMask = 2147483647;
			files = (
			);
			runOnlyForDeploymentPostprocessing = 0;
		};
/* End PBXFrameworksBuildPhase section */

/* Begin PBXGroup section */
		09626D1E1CEAAB8A00793398 = {
			isa = PBXGroup;
			children = (
				09626D291CEAAB8A00793398 /* BlogFamily */,
				09626D3E1CEAAB8A00793398 /* BlogFamilyTests */,
				09626D491CEAAB8A00793398 /* BlogFamilyUITests */,
				09626D281CEAAB8A00793398 /* Products */,
			);
			sourceTree = "<group>";
		};
		09626D281CEAAB8A00793398 /* Products */ = {
			isa = PBXGroup;
			children = (
				09626D271CEAAB8A00793398 /* BlogFamily.app */,
				09626D3B1CEAAB8A00793398 /* BlogFamilyTests.xctest */,
				09626D461CEAAB8A00793398 /* BlogFamilyUITests.xctest */,
			);
			name = Products;
			sourceTree = "<group>";
		};
		09626D291CEAAB8A00793398 /* BlogFamily */ = {
			isa = PBXGroup;
			children = (
				09626D2A1CEAAB8A00793398 /* AppDelegate.swift */,
				09626D2C1CEAAB8A00793398 /* ViewController.swift */,
				09626D2E1CEAAB8A00793398 /* Main.storyboard */,
				09626D311CEAAB8A00793398 /* Assets.xcassets */,
				09626D331CEAAB8A00793398 /* LaunchScreen.storyboard */,
				09626D361CEAAB8A00793398 /* Info.plist */,
			);
			path = BlogFamily;
			sourceTree = "<group>";
		};
		09626D3E1CEAAB8A00793398 /* BlogFamilyTests */ = {
			isa = PBXGroup;
			children = (
				09626D3F1CEAAB8A00793398 /* BlogFamilyTests.swift */,
				09626D411CEAAB8A00793398 /* Info.plist */,
			);
			path = BlogFamilyTests;
			sourceTree = "<group>";
		};
		09626D491CEAAB8A00793398 /* BlogFamilyUITests */ = {
			isa = PBXGroup;
			children = (
				09626D4A1CEAAB8A00793398 /* BlogFamilyUITests.swift */,
				09626D4C1CEAAB8A00793398 /* Info.plist */,
			);
			path = BlogFamilyUITests;
			sourceTree = "<group>";
		};
/* End PBXGroup section */

/* Begin PBXNativeTarget section */
		09626D261CEAAB8A00793398 /* BlogFamily */ = {
			isa = PBXNativeTarget;
			buildConfigurationList = 09626D4F1CEAAB8A00793398 /* Build configuration list for PBXNativeTarget "BlogFamily" */;
			buildPhases = (
				09626D231CEAAB8A00793398 /* Sources */,
				09626D241CEAAB8A00793398 /* Frameworks */,
				09626D251CEAAB8A00793398 /* Resources */,
			);
			buildRules = (
			);
			dependencies = (
			);
			name = BlogFamily;
			productName = BlogFamily;
			productReference = 09626D271CEAAB8A00793398 /* BlogFamily.app */;
			productType = "com.apple.product-type.application";
		};
		09626D3A1CEAAB8A00793398 /* BlogFamilyTests */ = {
			isa = PBXNativeTarget;
			buildConfigurationList = 09626D521CEAAB8A00793398 /* Build configuration list for PBXNativeTarget "BlogFamilyTests" */;
			buildPhases = (
				09626D371CEAAB8A00793398 /* Sources */,
				09626D381CEAAB8A00793398 /* Frameworks */,
				09626D391CEAAB8A00793398 /* Resources */,
			);
			buildRules = (
			);
			dependencies = (
				09626D3D1CEAAB8A00793398 /* PBXTargetDependency */,
			);
			name = BlogFamilyTests;
			productName = BlogFamilyTests;
			productReference = 09626D3B1CEAAB8A00793398 /* BlogFamilyTests.xctest */;
			productType = "com.apple.product-type.bundle.unit-test";
		};
		09626D451CEAAB8A00793398 /* BlogFamilyUITests */ = {
			isa = PBXNativeTarget;
			buildConfigurationList = 09626D551CEAAB8A00793398 /* Build configuration list for PBXNativeTarget "BlogFamilyUITests" */;
			buildPhases = (
				09626D421CEAAB8A00793398 /* Sources */,
				09626D431CEAAB8A00793398 /* Frameworks */,
				09626D441CEAAB8A00793398 /* Resources */,
			);
			buildRules = (
			);
			dependencies = (
				09626D481CEAAB8A00793398 /* PBXTargetDependency */,
			);
			name = BlogFamilyUITests;
			productName = BlogFamilyUITests;
			productReference = 09626D461CEAAB8A00793398 /* BlogFamilyUITests.xctest */;
			productType = "com.apple.product-type.bundle.ui-testing";
		};
/* End PBXNativeTarget section */

/* Begin PBXProject section */
		09626D1F1CEAAB8A00793398 /* Project object */ = {
			isa = PBXProject;
			attributes = {
				LastSwiftUpdateCheck = 0730;
				LastUpgradeCheck = 0730;
				ORGANIZATIONNAME = huangluyang;
				TargetAttributes = {
					09626D261CEAAB8A00793398 = {
						CreatedOnToolsVersion = 7.3;
					};
					09626D3A1CEAAB8A00793398 = {
						CreatedOnToolsVersion = 7.3;
						TestTargetID = 09626D261CEAAB8A00793398;
					};
					09626D451CEAAB8A00793398 = {
						CreatedOnToolsVersion = 7.3;
						TestTargetID = 09626D261CEAAB8A00793398;
					};
				};
			};
			buildConfigurationList = 09626D221CEAAB8A00793398 /* Build configuration list for PBXProject "BlogFamily" */;
			compatibilityVersion = "Xcode 3.2";
			developmentRegion = English;
			hasScannedForEncodings = 0;
			knownRegions = (
				en,
				Base,
			);
			mainGroup = 09626D1E1CEAAB8A00793398;
			productRefGroup = 09626D281CEAAB8A00793398 /* Products */;
			projectDirPath = "";
			projectRoot = "";
			targets = (
				09626D261CEAAB8A00793398 /* BlogFamily */,
				09626D3A1CEAAB8A00793398 /* BlogFamilyTests */,
				09626D451CEAAB8A00793398 /* BlogFamilyUITests */,
			);
		};
/* End PBXProject section */

/* Begin PBXResourcesBuildPhase section */
		09626D251CEAAB8A00793398 /* Resources */ = {
			isa = PBXResourcesBuildPhase;
			buildActionMask = 2147483647;
			files = (
				09626D351CEAAB8A00793398 /* LaunchScreen.storyboard in Resources */,
				09626D321CEAAB8A00793398 /* Assets.xcassets in Resources */,
				09626D301CEAAB8A00793398 /* Main.storyboard in Resources */,
			);
			runOnlyForDeploymentPostprocessing = 0;
		};
		09626D391CEAAB8A00793398 /* Resources */ = {
			isa = PBXResourcesBuildPhase;
			buildActionMask = 2147483647;
			files = (
			);
			runOnlyForDeploymentPostprocessing = 0;
		};
		09626D441CEAAB8A00793398 /* Resources */ = {
			isa = PBXResourcesBuildPhase;
			buildActionMask = 2147483647;
			files = (
			);
			runOnlyForDeploymentPostprocessing = 0;
		};
/* End PBXResourcesBuildPhase section */

/* Begin PBXSourcesBuildPhase section */
		09626D231CEAAB8A00793398 /* Sources */ = {
			isa = PBXSourcesBuildPhase;
			buildActionMask = 2147483647;
			files = (
				09626D2D1CEAAB8A00793398 /* ViewController.swift in Sources */,
				09626D2B1CEAAB8A00793398 /* AppDelegate.swift in Sources */,
			);
			runOnlyForDeploymentPostprocessing = 0;
		};
		09626D371CEAAB8A00793398 /* Sources */ = {
			isa = PBXSourcesBuildPhase;
			buildActionMask = 2147483647;
			files = (
				09626D401CEAAB8A00793398 /* BlogFamilyTests.swift in Sources */,
			);
			runOnlyForDeploymentPostprocessing = 0;
		};
		09626D421CEAAB8A00793398 /* Sources */ = {
			isa = PBXSourcesBuildPhase;
			buildActionMask = 2147483647;
			files = (
				09626D4B1CEAAB8A00793398 /* BlogFamilyUITests.swift in Sources */,
			);
			runOnlyForDeploymentPostprocessing = 0;
		};
/* End PBXSourcesBuildPhase section */

/* Begin PBXTargetDependency section */
		09626D3D1CEAAB8A00793398 /* PBXTargetDependency */ = {
			isa = PBXTargetDependency;
			target = 09626D261CEAAB8A00793398 /* BlogFamily */;
			targetProxy = 09626D3C1CEAAB8A00793398 /* PBXContainerItemProxy */;
		};
		09626D481CEAAB8A00793398 /* PBXTargetDependency */ = {
			isa = PBXTargetDependency;
			target = 09626D261CEAAB8A00793398 /* BlogFamily */;
			targetProxy = 09626D471CEAAB8A00793398 /* PBXContainerItemProxy */;
		};
/* End PBXTargetDependency section */

/* Begin PBXVariantGroup section */
		09626D2E1CEAAB8A00793398 /* Main.storyboard */ = {
			isa = PBXVariantGroup;
			children = (
				09626D2F1CEAAB8A00793398 /* Base */,
			);
			name = Main.storyboard;
			sourceTree = "<group>";
		};
		09626D331CEAAB8A00793398 /* LaunchScreen.storyboard */ = {
			isa = PBXVariantGroup;
			children = (
				09626D341CEAAB8A00793398 /* Base */,
			);
			name = LaunchScreen.storyboard;
			sourceTree = "<group>";
		};
/* End PBXVariantGroup section */

/* Begin XCBuildConfiguration section */
		09626D4D1CEAAB8A00793398 /* Debug */ = {
			isa = XCBuildConfiguration;
			buildSettings = {
				ALWAYS_SEARCH_USER_PATHS = NO;
				CLANG_ANALYZER_NONNULL = YES;
				CLANG_CXX_LANGUAGE_STANDARD = "gnu++0x";
				CLANG_CXX_LIBRARY = "libc++";
				CLANG_ENABLE_MODULES = YES;
				CLANG_ENABLE_OBJC_ARC = YES;
				CLANG_WARN_BOOL_CONVERSION = YES;
				CLANG_WARN_CONSTANT_CONVERSION = YES;
				CLANG_WARN_DIRECT_OBJC_ISA_USAGE = YES_ERROR;
				CLANG_WARN_EMPTY_BODY = YES;
				CLANG_WARN_ENUM_CONVERSION = YES;
				CLANG_WARN_INT_CONVERSION = YES;
				CLANG_WARN_OBJC_ROOT_CLASS = YES_ERROR;
				CLANG_WARN_UNREACHABLE_CODE = YES;
				CLANG_WARN__DUPLICATE_METHOD_MATCH = YES;
				"CODE_SIGN_IDENTITY[sdk=iphoneos*]" = "iPhone Developer";
				COPY_PHASE_STRIP = NO;
				DEBUG_INFORMATION_FORMAT = dwarf;
				ENABLE_STRICT_OBJC_MSGSEND = YES;
				ENABLE_TESTABILITY = YES;
				GCC_C_LANGUAGE_STANDARD = gnu99;
				GCC_DYNAMIC_NO_PIC = NO;
				GCC_NO_COMMON_BLOCKS = YES;
				GCC_OPTIMIZATION_LEVEL = 0;
				GCC_PREPROCESSOR_DEFINITIONS = (
					"DEBUG=1",
					"$(inherited)",
				);
				GCC_WARN_64_TO_32_BIT_CONVERSION = YES;
				GCC_WARN_ABOUT_RETURN_TYPE = YES_ERROR;
				GCC_WARN_UNDECLARED_SELECTOR = YES;
				GCC_WARN_UNINITIALIZED_AUTOS = YES_AGGRESSIVE;
				GCC_WARN_UNUSED_FUNCTION = YES;
				GCC_WARN_UNUSED_VARIABLE = YES;
				IPHONEOS_DEPLOYMENT_TARGET = 9.3;
				MTL_ENABLE_DEBUG_INFO = YES;
				ONLY_ACTIVE_ARCH = YES;
				SDKROOT = iphoneos;
				SWIFT_OPTIMIZATION_LEVEL = "-Onone";
				TARGETED_DEVICE_FAMILY = "1,2";
			};
			name = Debug;
		};
		09626D4E1CEAAB8A00793398 /* Release */ = {
			isa = XCBuildConfiguration;
			buildSettings = {
				ALWAYS_SEARCH_USER_PATHS = NO;
				CLANG_ANALYZER_NONNULL = YES;
				CLANG_CXX_LANGUAGE_STANDARD = "gnu++0x";
				CLANG_CXX_LIBRARY = "libc++";
				CLANG_ENABLE_MODULES = YES;
				CLANG_ENABLE_OBJC_ARC = YES;
				CLANG_WARN_BOOL_CONVERSION = YES;
				CLANG_WARN_CONSTANT_CONVERSION = YES;
				CLANG_WARN_DIRECT_OBJC_ISA_USAGE = YES_ERROR;
				CLANG_WARN_EMPTY_BODY = YES;
				CLANG_WARN_ENUM_CONVERSION = YES;
				CLANG_WARN_INT_CONVERSION = YES;
				CLANG_WARN_OBJC_ROOT_CLASS = YES_ERROR;
				CLANG_WARN_UNREACHABLE_CODE = YES;
				CLANG_WARN__DUPLICATE_METHOD_MATCH = YES;
				"CODE_SIGN_IDENTITY[sdk=iphoneos*]" = "iPhone Developer";
				COPY_PHASE_STRIP = NO;
				DEBUG_INFORMATION_FORMAT = "dwarf-with-dsym";
				ENABLE_NS_ASSERTIONS = NO;
				ENABLE_STRICT_OBJC_MSGSEND = YES;
				GCC_C_LANGUAGE_STANDARD = gnu99;
				GCC_NO_COMMON_BLOCKS = YES;
				GCC_WARN_64_TO_32_BIT_CONVERSION = YES;
				GCC_WARN_ABOUT_RETURN_TYPE = YES_ERROR;
				GCC_WARN_UNDECLARED_SELECTOR = YES;
				GCC_WARN_UNINITIALIZED_AUTOS = YES_AGGRESSIVE;
				GCC_WARN_UNUSED_FUNCTION = YES;
				GCC_WARN_UNUSED_VARIABLE = YES;
				IPHONEOS_DEPLOYMENT_TARGET = 9.3;
				MTL_ENABLE_DEBUG_INFO = NO;
				SDKROOT = iphoneos;
				TARGETED_DEVICE_FAMILY = "1,2";
				VALIDATE_PRODUCT = YES;
			};
			name = Release;
		};
		09626D501CEAAB8A00793398 /* Debug */ = {
			isa = XCBuildConfiguration;
			buildSettings = {
				ASSETCATALOG_COMPILER_APPICON_NAME = AppIcon;
				INFOPLIST_FILE = BlogFamily/Info.plist;
				LD_RUNPATH_SEARCH_PATHS = "$(inherited) @executable_path/Frameworks";
				PRODUCT_BUNDLE_IDENTIFIER = com.hly.BlogFamily;
				PRODUCT_NAME = "$(TARGET_NAME)";
			};
			name = Debug;
		};
		09626D511CEAAB8A00793398 /* Release */ = {
			isa = XCBuildConfiguration;
			buildSettings = {
				ASSETCATALOG_COMPILER_APPICON_NAME = AppIcon;
				INFOPLIST_FILE = BlogFamily/Info.plist;
				LD_RUNPATH_SEARCH_PATHS = "$(inherited) @executable_path/Frameworks";
				PRODUCT_BUNDLE_IDENTIFIER = com.hly.BlogFamily;
				PRODUCT_NAME = "$(TARGET_NAME)";
			};
			name = Release;
		};
		09626D531CEAAB8A00793398 /* Debug */ = {
			isa = XCBuildConfiguration;
			buildSettings = {
				BUNDLE_LOADER = "$(TEST_HOST)";
				INFOPLIST_FILE = BlogFamilyTests/Info.plist;
				LD_RUNPATH_SEARCH_PATHS = "$(inherited) @executable_path/Frameworks @loader_path/Frameworks";
				PRODUCT_BUNDLE_IDENTIFIER = com.hly.BlogFamilyTests;
				PRODUCT_NAME = "$(TARGET_NAME)";
				TEST_HOST = "$(BUILT_PRODUCTS_DIR)/BlogFamily.app/BlogFamily";
			};
			name = Debug;
		};
		09626D541CEAAB8A00793398 /* Release */ = {
			isa = XCBuildConfiguration;
			buildSettings = {
				BUNDLE_LOADER = "$(TEST_HOST)";
				INFOPLIST_FILE = BlogFamilyTests/Info.plist;
				LD_RUNPATH_SEARCH_PATHS = "$(inherited) @executable_path/Frameworks @loader_path/Frameworks";
				PRODUCT_BUNDLE_IDENTIFIER = com.hly.BlogFamilyTests;
				PRODUCT_NAME = "$(TARGET_NAME)";
				TEST_HOST = "$(BUILT_PRODUCTS_DIR)/BlogFamily.app/BlogFamily";
			};
			name = Release;
		};
		09626D561CEAAB8A00793398 /* Debug */ = {
			isa = XCBuildConfiguration;
			buildSettings = {
				INFOPLIST_FILE = BlogFamilyUITests/Info.plist;
				LD_RUNPATH_SEARCH_PATHS = "$(inherited) @executable_path/Frameworks @loader_path/Frameworks";
				PRODUCT_BUNDLE_IDENTIFIER = com.hly.BlogFamilyUITests;
				PRODUCT_NAME = "$(TARGET_NAME)";
				TEST_TARGET_NAME = BlogFamily;
			};
			name = Debug;
		};
		09626D571CEAAB8A00793398 /* Release */ = {
			isa = XCBuildConfiguration;
			buildSettings = {
				INFOPLIST_FILE = BlogFamilyUITests/Info.plist;
				LD_RUNPATH_SEARCH_PATHS = "$(inherited) @executable_path/Frameworks @loader_path/Frameworks";
				PRODUCT_BUNDLE_IDENTIFIER = com.hly.BlogFamilyUITests;
				PRODUCT_NAME = "$(TARGET_NAME)";
				TEST_TARGET_NAME = BlogFamily;
			};
			name = Release;
		};
/* End XCBuildConfiguration section */

/* Begin XCConfigurationList section */
		09626D221CEAAB8A00793398 /* Build configuration list for PBXProject "BlogFamily" */ = {
			isa = XCConfigurationList;
			buildConfigurations = (
				09626D4D1CEAAB8A00793398 /* Debug */,
				09626D4E1CEAAB8A00793398 /* Release */,
			);
			defaultConfigurationIsVisible = 0;
			defaultConfigurationName = Release;
		};
		09626D4F1CEAAB8A00793398 /* Build configuration list for PBXNativeTarget "BlogFamily" */ = {
			isa = XCConfigurationList;
			buildConfigurations = (
				09626D501CEAAB8A00793398 /* Debug */,
				09626D511CEAAB8A00793398 /* Release */,
			);
			defaultConfigurationIsVisible = 0;
		};
		09626D521CEAAB8A00793398 /* Build configuration list for PBXNativeTarget "BlogFamilyTests" */ = {
			isa = XCConfigurationList;
			buildConfigurations = (
				09626D531CEAAB8A00793398 /* Debug */,
				09626D541CEAAB8A00793398 /* Release */,
			);
			defaultConfigurationIsVisible = 0;
		};
		09626D551CEAAB8A00793398 /* Build configuration list for PBXNativeTarget "BlogFamilyUITests" */ = {
			isa = XCConfigurationList;
			buildConfigurations = (
				09626D561CEAAB8A00793398 /* Debug */,
				09626D571CEAAB8A00793398 /* Release */,
			);
			defaultConfigurationIsVisible = 0;
		};
/* End XCConfigurationList section */
	};
	rootObject = 09626D1F1CEAAB8A00793398 /* Project object */;
}
